
Microsoft Visual Studio Solution File, Format Version 12.00
# Visual Studio Version 17
VisualStudioVersion = 17.5.002.0
MinimumVisualStudioVersion = 10.0.40219.1
Project("{9A19103F-16F7-4668-BE54-9A1E7A4F7556}") = "Api", "Api\Api.csproj", "{3A9303F9-F435-4D11-89A8-90E38E7AD9D0}"
EndProject
Global
	GlobalSection(SolutionConfigurationPlatforms) = preSolution
		Debug|Any CPU = Debug|Any CPU
		Release|Any CPU = Release|Any CPU
	EndGlobalSection
	GlobalSection(ProjectConfigurationPlatforms) = postSolution
		{3A9303F9-F435-4D11-89A8-90E38E7AD9D0}.Debug|Any CPU.ActiveCfg = Debug|Any CPU
		{3A9303F9-F435-4D11-89A8-90E38E7AD9D0}.Debug|Any CPU.Build.0 = Debug|Any CPU
		{3A9303F9-F435-4D11-89A8-90E38E7AD9D0}.Release|Any CPU.ActiveCfg = Release|Any CPU
		{3A9303F9-F435-4D11-89A8-90E38E7AD9D0}.Release|Any CPU.Build.0 = Release|Any CPU
	EndGlobalSection
	GlobalSection(SolutionProperties) = preSolution
		HideSolutionNode = FALSE
	EndGlobalSection
	GlobalSection(ExtensibilityGlobals) = postSolution
		SolutionGuid = {C92E6C16-3227-4A8B-A202-FB795252C617}
	EndGlobalSection
EndGlobal
